
Microsoft Visual Studio Solution File, Format Version 12.00
# Visual Studio Version 17
VisualStudioVersion = 17.3.32901.215
MinimumVisualStudioVersion = 10.0.40219.1
Project("{9A19103F-16F7-4668-BE54-9A1E7A4F7556}") = "Hoalu.Server", "Server\Hoalu.Server.csproj", "{AC223B6B-2F6B-458B-9917-9744B7AA5536}"
EndProject
Project("{9A19103F-16F7-4668-BE54-9A1E7A4F7556}") = "Hoalu.Client", "Client\Hoalu.Client.csproj", "{D98F7824-62DA-46D4-9E6C-C2F15EB59FA4}"
EndProject
Project("{9A19103F-16F7-4668-BE54-9A1E7A4F7556}") = "Hoalu.Shared", "Shared\Hoalu.Shared.csproj", "{28E88242-8B21-471A-97E3-95643DCC86DE}"
EndProject
Global
	GlobalSection(SolutionConfigurationPlatforms) = preSolution
		Debug|Any CPU = Debug|Any CPU
		Release|Any CPU = Release|Any CPU
	EndGlobalSection
	GlobalSection(ProjectConfigurationPlatforms) = postSolution
		{AC223B6B-2F6B-458B-9917-9744B7AA5536}.Debug|Any CPU.ActiveCfg = Debug|Any CPU
		{AC223B6B-2F6B-458B-9917-9744B7AA5536}.Debug|Any CPU.Build.0 = Debug|Any CPU
		{AC223B6B-2F6B-458B-9917-9744B7AA5536}.Release|Any CPU.ActiveCfg = Release|Any CPU
		{AC223B6B-2F6B-458B-9917-9744B7AA5536}.Release|Any CPU.Build.0 = Release|Any CPU
		{D98F7824-62DA-46D4-9E6C-C2F15EB59FA4}.Debug|Any CPU.ActiveCfg = Debug|Any CPU
		{D98F7824-62DA-46D4-9E6C-C2F15EB59FA4}.Debug|Any CPU.Build.0 = Debug|Any CPU
		{D98F7824-62DA-46D4-9E6C-C2F15EB59FA4}.Release|Any CPU.ActiveCfg = Release|Any CPU
		{D98F7824-62DA-46D4-9E6C-C2F15EB59FA4}.Release|Any CPU.Build.0 = Release|Any CPU
		{28E88242-8B21-471A-97E3-95643DCC86DE}.Debug|Any CPU.ActiveCfg = Debug|Any CPU
		{28E88242-8B21-471A-97E3-95643DCC86DE}.Debug|Any CPU.Build.0 = Debug|Any CPU
		{28E88242-8B21-471A-97E3-95643DCC86DE}.Release|Any CPU.ActiveCfg = Release|Any CPU
		{28E88242-8B21-471A-97E3-95643DCC86DE}.Release|Any CPU.Build.0 = Release|Any CPU
	EndGlobalSection
	GlobalSection(SolutionProperties) = preSolution
		HideSolutionNode = FALSE
	EndGlobalSection
	GlobalSection(ExtensibilityGlobals) = postSolution
		SolutionGuid = {95D4C188-58B2-4D57-9CFE-99FCC081528A}
	EndGlobalSection
EndGlobal
